
Microsoft Visual Studio Solution File, Format Version 12.00
# Visual Studio Version 17
VisualStudioVersion = 17.11.35222.181
MinimumVisualStudioVersion = 10.0.40219.1
Project("{FAE04EC0-301F-11D3-BF4B-00C04F79EFBC}") = "Console1125_2024_if", "Console1125_2024_if\Console1125_2024_if.csproj", "{49ED6C28-DEB7-409E-8B58-443D6024DE52}"
EndProject
Global
	GlobalSection(SolutionConfigurationPlatforms) = preSolution
		Debug|Any CPU = Debug|Any CPU
		Release|Any CPU = Release|Any CPU
	EndGlobalSection
	GlobalSection(ProjectConfigurationPlatforms) = postSolution
		{49ED6C28-DEB7-409E-8B58-443D6024DE52}.Debug|Any CPU.ActiveCfg = Debug|Any CPU
		{49ED6C28-DEB7-409E-8B58-443D6024DE52}.Debug|Any CPU.Build.0 = Debug|Any CPU
		{49ED6C28-DEB7-409E-8B58-443D6024DE52}.Release|Any CPU.ActiveCfg = Release|Any CPU
		{49ED6C28-DEB7-409E-8B58-443D6024DE52}.Release|Any CPU.Build.0 = Release|Any CPU
	EndGlobalSection
	GlobalSection(SolutionProperties) = preSolution
		HideSolutionNode = FALSE
	EndGlobalSection
	GlobalSection(ExtensibilityGlobals) = postSolution
		SolutionGuid = {34BB9FEA-CC02-489F-A317-30B88CB5AD1B}
	EndGlobalSection
EndGlobal
